// !$*UTF8*$!
{
	archiveVersion = 1;
	classes = {
	};
	objectVersion = 50;
	objects = {

/* Begin PBXBuildFile section */
		2991EEEC26D9544E00F699FD /* AppDelegate.swift in Sources */ = {isa = PBXBuildFile; fileRef = 2991EEEB26D9544E00F699FD /* AppDelegate.swift */; };
		2991EEEE26D9544E00F699FD /* SceneDelegate.swift in Sources */ = {isa = PBXBuildFile; fileRef = 2991EEED26D9544E00F699FD /* SceneDelegate.swift */; };
		2991EEF026D9544E00F699FD /* ViewController.swift in Sources */ = {isa = PBXBuildFile; fileRef = 2991EEEF26D9544E00F699FD /* ViewController.swift */; };
		2991EEF326D9544E00F699FD /* Main.storyboard in Resources */ = {isa = PBXBuildFile; fileRef = 2991EEF126D9544E00F699FD /* Main.storyboard */; };
		2991EEF526D9544F00F699FD /* Assets.xcassets in Resources */ = {isa = PBXBuildFile; fileRef = 2991EEF426D9544F00F699FD /* Assets.xcassets */; };
		2991EEF826D9544F00F699FD /* LaunchScreen.storyboard in Resources */ = {isa = PBXBuildFile; fileRef = 2991EEF626D9544F00F699FD /* LaunchScreen.storyboard */; };
		2991EF0326D9544F00F699FD /* PreworkTests.swift in Sources */ = {isa = PBXBuildFile; fileRef = 2991EF0226D9544F00F699FD /* PreworkTests.swift */; };
		2991EF0E26D9544F00F699FD /* PreworkUITests.swift in Sources */ = {isa = PBXBuildFile; fileRef = 2991EF0D26D9544F00F699FD /* PreworkUITests.swift */; };
/* End PBXBuildFile section */

/* Begin PBXContainerItemProxy section */
		2991EEFF26D9544F00F699FD /* PBXContainerItemProxy */ = {
			isa = PBXContainerItemProxy;
			containerPortal = 2991EEE026D9544E00F699FD /* Project object */;
			proxyType = 1;
			remoteGlobalIDString = 2991EEE726D9544E00F699FD;
			remoteInfo = Prework;
		};
		2991EF0A26D9544F00F699FD /* PBXContainerItemProxy */ = {
			isa = PBXContainerItemProxy;
			containerPortal = 2991EEE026D9544E00F699FD /* Project object */;
			proxyType = 1;
			remoteGlobalIDString = 2991EEE726D9544E00F699FD;
			remoteInfo = Prework;
		};
/* End PBXContainerItemProxy section */

/* Begin PBXFileReference section */
		2991EEE826D9544E00F699FD /* Prework.app */ = {isa = PBXFileReference; explicitFileType = wrapper.application; includeInIndex = 0; path = Prework.app; sourceTree = BUILT_PRODUCTS_DIR; };
		2991EEEB26D9544E00F699FD /* AppDelegate.swift */ = {isa = PBXFileReference; lastKnownFileType = sourcecode.swift; path = AppDelegate.swift; sourceTree = "<group>"; };
		2991EEED26D9544E00F699FD /* SceneDelegate.swift */ = {isa = PBXFileReference; lastKnownFileType = sourcecode.swift; path = SceneDelegate.swift; sourceTree = "<group>"; };
		2991EEEF26D9544E00F699FD /* ViewController.swift */ = {isa = PBXFileReference; lastKnownFileType = sourcecode.swift; path = ViewController.swift; sourceTree = "<group>"; };
		2991EEF226D9544E00F699FD /* Base */ = {isa = PBXFileReference; lastKnownFileType = file.storyboard; name = Base; path = Base.lproj/Main.storyboard; sourceTree = "<group>"; };
		2991EEF426D9544F00F699FD /* Assets.xcassets */ = {isa = PBXFileReference; lastKnownFileType = folder.assetcatalog; path = Assets.xcassets; sourceTree = "<group>"; };
		2991EEF726D9544F00F699FD /* Base */ = {isa = PBXFileReference; lastKnownFileType = file.storyboard; name = Base; path = Base.lproj/LaunchScreen.storyboard; sourceTree = "<group>"; };
		2991EEF926D9544F00F699FD /* Info.plist */ = {isa = PBXFileReference; lastKnownFileType = text.plist.xml; path = Info.plist; sourceTree = "<group>"; };
		2991EEFE26D9544F00F699FD /* PreworkTests.xctest */ = {isa = PBXFileReference; explicitFileType = wrapper.cfbundle; includeInIndex = 0; path = PreworkTests.xctest; sourceTree = BUILT_PRODUCTS_DIR; };
		2991EF0226D9544F00F699FD /* PreworkTests.swift */ = {isa = PBXFileReference; lastKnownFileType = sourcecode.swift; path = PreworkTests.swift; sourceTree = "<group>"; };
		2991EF0426D9544F00F699FD /* Info.plist */ = {isa = PBXFileReference; lastKnownFileType = text.plist.xml; path = Info.plist; sourceTree = "<group>"; };
		2991EF0926D9544F00F699FD /* PreworkUITests.xctest */ = {isa = PBXFileReference; explicitFileType = wrapper.cfbundle; includeInIndex = 0; path = PreworkUITests.xctest; sourceTree = BUILT_PRODUCTS_DIR; };
		2991EF0D26D9544F00F699FD /* PreworkUITests.swift */ = {isa = PBXFileReference; lastKnownFileType = sourcecode.swift; path = PreworkUITests.swift; sourceTree = "<group>"; };
		2991EF0F26D9544F00F699FD /* Info.plist */ = {isa = PBXFileReference; lastKnownFileType = text.plist.xml; path = Info.plist; sourceTree = "<group>"; };
/* End PBXFileReference section */

/* Begin PBXFrameworksBuildPhase section */
		2991EEE526D9544E00F699FD /* Frameworks */ = {
			isa = PBXFrameworksBuildPhase;
			buildActionMask = 2147483647;
			files = (
			);
			runOnlyForDeploymentPostprocessing = 0;
		};
		2991EEFB26D9544F00F699FD /* Frameworks */ = {
			isa = PBXFrameworksBuildPhase;
			buildActionMask = 2147483647;
			files = (
			);
			runOnlyForDeploymentPostprocessing = 0;
		};
		2991EF0626D9544F00F699FD /* Frameworks */ = {
			isa = PBXFrameworksBuildPhase;
			buildActionMask = 2147483647;
			files = (
			);
			runOnlyForDeploymentPostprocessing = 0;
		};
/* End PBXFrameworksBuildPhase section */

/* Begin PBXGroup section */
		2991EEDF26D9544E00F699FD = {
			isa = PBXGroup;
			children = (
				2991EEEA26D9544E00F699FD /* Prework */,
				2991EF0126D9544F00F699FD /* PreworkTests */,
				2991EF0C26D9544F00F699FD /* PreworkUITests */,
				2991EEE926D9544E00F699FD /* Products */,
			);
			sourceTree = "<group>";
		};
		2991EEE926D9544E00F699FD /* Products */ = {
			isa = PBXGroup;
			children = (
				2991EEE826D9544E00F699FD /* Prework.app */,
				2991EEFE26D9544F00F699FD /* PreworkTests.xctest */,
				2991EF0926D9544F00F699FD /* PreworkUITests.xctest */,
			);
			name = Products;
			sourceTree = "<group>";
		};
		2991EEEA26D9544E00F699FD /* Prework */ = {
			isa = PBXGroup;
			children = (
				2991EEEB26D9544E00F699FD /* AppDelegate.swift */,
				2991EEED26D9544E00F699FD /* SceneDelegate.swift */,
				2991EEEF26D9544E00F699FD /* ViewController.swift */,
				2991EEF126D9544E00F699FD /* Main.storyboard */,
				2991EEF426D9544F00F699FD /* Assets.xcassets */,
				2991EEF626D9544F00F699FD /* LaunchScreen.storyboard */,
				2991EEF926D9544F00F699FD /* Info.plist */,
			);
			path = Prework;
			sourceTree = "<group>";
		};
		2991EF0126D9544F00F699FD /* PreworkTests */ = {
			isa = PBXGroup;
			children = (
				2991EF0226D9544F00F699FD /* PreworkTests.swift */,
				2991EF0426D9544F00F699FD /* Info.plist */,
			);
			path = PreworkTests;
			sourceTree = "<group>";
		};
		2991EF0C26D9544F00F699FD /* PreworkUITests */ = {
			isa = PBXGroup;
			children = (
				2991EF0D26D9544F00F699FD /* PreworkUITests.swift */,
				2991EF0F26D9544F00F699FD /* Info.plist */,
			);
			path = PreworkUITests;
			sourceTree = "<group>";
		};
/* End PBXGroup section */

/* Begin PBXNativeTarget section */
		2991EEE726D9544E00F699FD /* Prework */ = {
			isa = PBXNativeTarget;
			buildConfigurationList = 2991EF1226D9544F00F699FD /* Build configuration list for PBXNativeTarget "Prework" */;
			buildPhases = (
				2991EEE426D9544E00F699FD /* Sources */,
				2991EEE526D9544E00F699FD /* Frameworks */,
				2991EEE626D9544E00F699FD /* Resources */,
			);
			buildRules = (
			);
			dependencies = (
			);
			name = Prework;
			productName = Prework;
			productReference = 2991EEE826D9544E00F699FD /* Prework.app */;
			productType = "com.apple.product-type.application";
		};
		2991EEFD26D9544F00F699FD /* PreworkTests */ = {
			isa = PBXNativeTarget;
			buildConfigurationList = 2991EF1526D9544F00F699FD /* Build configuration list for PBXNativeTarget "PreworkTests" */;
			buildPhases = (
				2991EEFA26D9544F00F699FD /* Sources */,
				2991EEFB26D9544F00F699FD /* Frameworks */,
				2991EEFC26D9544F00F699FD /* Resources */,
			);
			buildRules = (
			);
			dependencies = (
				2991EF0026D9544F00F699FD /* PBXTargetDependency */,
			);
			name = PreworkTests;
			productName = PreworkTests;
			productReference = 2991EEFE26D9544F00F699FD /* PreworkTests.xctest */;
			productType = "com.apple.product-type.bundle.unit-test";
		};
		2991EF0826D9544F00F699FD /* PreworkUITests */ = {
			isa = PBXNativeTarget;
			buildConfigurationList = 2991EF1826D9544F00F699FD /* Build configuration list for PBXNativeTarget "PreworkUITests" */;
			buildPhases = (
				2991EF0526D9544F00F699FD /* Sources */,
				2991EF0626D9544F00F699FD /* Frameworks */,
				2991EF0726D9544F00F699FD /* Resources */,
			);
			buildRules = (
			);
			dependencies = (
				2991EF0B26D9544F00F699FD /* PBXTargetDependency */,
			);
			name = PreworkUITests;
			productName = PreworkUITests;
			productReference = 2991EF0926D9544F00F699FD /* PreworkUITests.xctest */;
			productType = "com.apple.product-type.bundle.ui-testing";
		};
/* End PBXNativeTarget section */

/* Begin PBXProject section */
		2991EEE026D9544E00F699FD /* Project object */ = {
			isa = PBXProject;
			attributes = {
				LastSwiftUpdateCheck = 1250;
				LastUpgradeCheck = 1250;
				TargetAttributes = {
					2991EEE726D9544E00F699FD = {
						CreatedOnToolsVersion = 12.5.1;
					};
					2991EEFD26D9544F00F699FD = {
						CreatedOnToolsVersion = 12.5.1;
						TestTargetID = 2991EEE726D9544E00F699FD;
					};
					2991EF0826D9544F00F699FD = {
						CreatedOnToolsVersion = 12.5.1;
						TestTargetID = 2991EEE726D9544E00F699FD;
					};
				};
			};
			buildConfigurationList = 2991EEE326D9544E00F699FD /* Build configuration list for PBXProject "Prework" */;
			compatibilityVersion = "Xcode 9.3";
			developmentRegion = en;
			hasScannedForEncodings = 0;
			knownRegions = (
				en,
				Base,
			);
			mainGroup = 2991EEDF26D9544E00F699FD;
			productRefGroup = 2991EEE926D9544E00F699FD /* Products */;
			projectDirPath = "";
			projectRoot = "";
			targets = (
				2991EEE726D9544E00F699FD /* Prework */,
				2991EEFD26D9544F00F699FD /* PreworkTests */,
				2991EF0826D9544F00F699FD /* PreworkUITests */,
			);
		};
/* End PBXProject section */

/* Begin PBXResourcesBuildPhase section */
		2991EEE626D9544E00F699FD /* Resources */ = {
			isa = PBXResourcesBuildPhase;
			buildActionMask = 2147483647;
			files = (
				2991EEF826D9544F00F699FD /* LaunchScreen.storyboard in Resources */,
				2991EEF526D9544F00F699FD /* Assets.xcassets in Resources */,
				2991EEF326D9544E00F699FD /* Main.storyboard in Resources */,
			);
			runOnlyForDeploymentPostprocessing = 0;
		};
		2991EEFC26D9544F00F699FD /* Resources */ = {
			isa = PBXResourcesBuildPhase;
			buildActionMask = 2147483647;
			files = (
			);
			runOnlyForDeploymentPostprocessing = 0;
		};
		2991EF0726D9544F00F699FD /* Resources */ = {
			isa = PBXResourcesBuildPhase;
			buildActionMask = 2147483647;
			files = (
			);
			runOnlyForDeploymentPostprocessing = 0;
		};
/* End PBXResourcesBuildPhase section */

/* Begin PBXSourcesBuildPhase section */
		2991EEE426D9544E00F699FD /* Sources */ = {
			isa = PBXSourcesBuildPhase;
			buildActionMask = 2147483647;
			files = (
				2991EEF026D9544E00F699FD /* ViewController.swift in Sources */,
				2991EEEC26D9544E00F699FD /* AppDelegate.swift in Sources */,
				2991EEEE26D9544E00F699FD /* SceneDelegate.swift in Sources */,
			);
			runOnlyForDeploymentPostprocessing = 0;
		};
		2991EEFA26D9544F00F699FD /* Sources */ = {
			isa = PBXSourcesBuildPhase;
			buildActionMask = 2147483647;
			files = (
				2991EF0326D9544F00F699FD /* PreworkTests.swift in Sources */,
			);
			runOnlyForDeploymentPostprocessing = 0;
		};
		2991EF0526D9544F00F699FD /* Sources */ = {
			isa = PBXSourcesBuildPhase;
			buildActionMask = 2147483647;
			files = (
				2991EF0E26D9544F00F699FD /* PreworkUITests.swift in Sources */,
			);
			runOnlyForDeploymentPostprocessing = 0;
		};
/* End PBXSourcesBuildPhase section */

/* Begin PBXTargetDependency section */
		2991EF0026D9544F00F699FD /* PBXTargetDependency */ = {
			isa = PBXTargetDependency;
			target = 2991EEE726D9544E00F699FD /* Prework */;
			targetProxy = 2991EEFF26D9544F00F699FD /* PBXContainerItemProxy */;
		};
		2991EF0B26D9544F00F699FD /* PBXTargetDependency */ = {
			isa = PBXTargetDependency;
			target = 2991EEE726D9544E00F699FD /* Prework */;
			targetProxy = 2991EF0A26D9544F00F699FD /* PBXContainerItemProxy */;
		};
/* End PBXTargetDependency section */

/* Begin PBXVariantGroup section */
		2991EEF126D9544E00F699FD /* Main.storyboard */ = {
			isa = PBXVariantGroup;
			children = (
				2991EEF226D9544E00F699FD /* Base */,
			);
			name = Main.storyboard;
			sourceTree = "<group>";
		};
		2991EEF626D9544F00F699FD /* LaunchScreen.storyboard */ = {
			isa = PBXVariantGroup;
			children = (
				2991EEF726D9544F00F699FD /* Base */,
			);
			name = LaunchScreen.storyboard;
			sourceTree = "<group>";
		};
/* End PBXVariantGroup section */

/* Begin XCBuildConfiguration section */
		2991EF1026D9544F00F699FD /* Debug */ = {
			isa = XCBuildConfiguration;
			buildSettings = {
				ALWAYS_SEARCH_USER_PATHS = NO;
				CLANG_ANALYZER_NONNULL = YES;
				CLANG_ANALYZER_NUMBER_OBJECT_CONVERSION = YES_AGGRESSIVE;
				CLANG_CXX_LANGUAGE_STANDARD = "gnu++14";
				CLANG_CXX_LIBRARY = "libc++";
				CLANG_ENABLE_MODULES = YES;
				CLANG_ENABLE_OBJC_ARC = YES;
				CLANG_ENABLE_OBJC_WEAK = YES;
				CLANG_WARN_BLOCK_CAPTURE_AUTORELEASING = YES;
				CLANG_WARN_BOOL_CONVERSION = YES;
				CLANG_WARN_COMMA = YES;
				CLANG_WARN_CONSTANT_CONVERSION = YES;
				CLANG_WARN_DEPRECATED_OBJC_IMPLEMENTATIONS = YES;
				CLANG_WARN_DIRECT_OBJC_ISA_USAGE = YES_ERROR;
				CLANG_WARN_DOCUMENTATION_COMMENTS = YES;
				CLANG_WARN_EMPTY_BODY = YES;
				CLANG_WARN_ENUM_CONVERSION = YES;
				CLANG_WARN_INFINITE_RECURSION = YES;
				CLANG_WARN_INT_CONVERSION = YES;
				CLANG_WARN_NON_LITERAL_NULL_CONVERSION = YES;
				CLANG_WARN_OBJC_IMPLICIT_RETAIN_SELF = YES;
				CLANG_WARN_OBJC_LITERAL_CONVERSION = YES;
				CLANG_WARN_OBJC_ROOT_CLASS = YES_ERROR;
				CLANG_WARN_QUOTED_INCLUDE_IN_FRAMEWORK_HEADER = YES;
				CLANG_WARN_RANGE_LOOP_ANALYSIS = YES;
				CLANG_WARN_STRICT_PROTOTYPES = YES;
				CLANG_WARN_SUSPICIOUS_MOVE = YES;
				CLANG_WARN_UNGUARDED_AVAILABILITY = YES_AGGRESSIVE;
				CLANG_WARN_UNREACHABLE_CODE = YES;
				CLANG_WARN__DUPLICATE_METHOD_MATCH = YES;
				COPY_PHASE_STRIP = NO;
				DEBUG_INFORMATION_FORMAT = dwarf;
				ENABLE_STRICT_OBJC_MSGSEND = YES;
				ENABLE_TESTABILITY = YES;
				GCC_C_LANGUAGE_STANDARD = gnu11;
				GCC_DYNAMIC_NO_PIC = NO;
				GCC_NO_COMMON_BLOCKS = YES;
				GCC_OPTIMIZATION_LEVEL = 0;
				GCC_PREPROCESSOR_DEFINITIONS = (
					"DEBUG=1",
					"$(inherited)",
				);
				GCC_WARN_64_TO_32_BIT_CONVERSION = YES;
				GCC_WARN_ABOUT_RETURN_TYPE = YES_ERROR;
				GCC_WARN_UNDECLARED_SELECTOR = YES;
				GCC_WARN_UNINITIALIZED_AUTOS = YES_AGGRESSIVE;
				GCC_WARN_UNUSED_FUNCTION = YES;
				GCC_WARN_UNUSED_VARIABLE = YES;
				IPHONEOS_DEPLOYMENT_TARGET = 14.5;
				MTL_ENABLE_DEBUG_INFO = INCLUDE_SOURCE;
				MTL_FAST_MATH = YES;
				ONLY_ACTIVE_ARCH = YES;
				SDKROOT = iphoneos;
				SWIFT_ACTIVE_COMPILATION_CONDITIONS = DEBUG;
				SWIFT_OPTIMIZATION_LEVEL = "-Onone";
			};
			name = Debug;
		};
		2991EF1126D9544F00F699FD /* Release */ = {
			isa = XCBuildConfiguration;
			buildSettings = {
				ALWAYS_SEARCH_USER_PATHS = NO;
				CLANG_ANALYZER_NONNULL = YES;
				CLANG_ANALYZER_NUMBER_OBJECT_CONVERSION = YES_AGGRESSIVE;
				CLANG_CXX_LANGUAGE_STANDARD = "gnu++14";
				CLANG_CXX_LIBRARY = "libc++";
				CLANG_ENABLE_MODULES = YES;
				CLANG_ENABLE_OBJC_ARC = YES;
				CLANG_ENABLE_OBJC_WEAK = YES;
				CLANG_WARN_BLOCK_CAPTURE_AUTORELEASING = YES;
				CLANG_WARN_BOOL_CONVERSION = YES;
				CLANG_WARN_COMMA = YES;
				CLANG_WARN_CONSTANT_CONVERSION = YES;
				CLANG_WARN_DEPRECATED_OBJC_IMPLEMENTATIONS = YES;
				CLANG_WARN_DIRECT_OBJC_ISA_USAGE = YES_ERROR;
				CLANG_WARN_DOCUMENTATION_COMMENTS = YES;
				CLANG_WARN_EMPTY_BODY = YES;
				CLANG_WARN_ENUM_CONVERSION = YES;
				CLANG_WARN_INFINITE_RECURSION = YES;
				CLANG_WARN_INT_CONVERSION = YES;
				CLANG_WARN_NON_LITERAL_NULL_CONVERSION = YES;
				CLANG_WARN_OBJC_IMPLICIT_RETAIN_SELF = YES;
				CLANG_WARN_OBJC_LITERAL_CONVERSION = YES;
				CLANG_WARN_OBJC_ROOT_CLASS = YES_ERROR;
				CLANG_WARN_QUOTED_INCLUDE_IN_FRAMEWORK_HEADER = YES;
				CLANG_WARN_RANGE_LOOP_ANALYSIS = YES;
				CLANG_WARN_STRICT_PROTOTYPES = YES;
				CLANG_WARN_SUSPICIOUS_MOVE = YES;
				CLANG_WARN_UNGUARDED_AVAILABILITY = YES_AGGRESSIVE;
				CLANG_WARN_UNREACHABLE_CODE = YES;
				CLANG_WARN__DUPLICATE_METHOD_MATCH = YES;
				COPY_PHASE_STRIP = NO;
				DEBUG_INFORMATION_FORMAT = "dwarf-with-dsym";
				ENABLE_NS_ASSERTIONS = NO;
				ENABLE_STRICT_OBJC_MSGSEND = YES;
				GCC_C_LANGUAGE_STANDARD = gnu11;
				GCC_NO_COMMON_BLOCKS = YES;
				GCC_WARN_64_TO_32_BIT_CONVERSION = YES;
				GCC_WARN_ABOUT_RETURN_TYPE = YES_ERROR;
				GCC_WARN_UNDECLARED_SELECTOR = YES;
				GCC_WARN_UNINITIALIZED_AUTOS = YES_AGGRESSIVE;
				GCC_WARN_UNUSED_FUNCTION = YES;
				GCC_WARN_UNUSED_VARIABLE = YES;
				IPHONEOS_DEPLOYMENT_TARGET = 14.5;
				MTL_ENABLE_DEBUG_INFO = NO;
				MTL_FAST_MATH = YES;
				SDKROOT = iphoneos;
				SWIFT_COMPILATION_MODE = wholemodule;
				SWIFT_OPTIMIZATION_LEVEL = "-O";
				VALIDATE_PRODUCT = YES;
			};
			name = Release;
		};
		2991EF1326D9544F00F699FD /* Debug */ = {
			isa = XCBuildConfiguration;
			buildSettings = {
				ASSETCATALOG_COMPILER_APPICON_NAME = AppIcon;
				ASSETCATALOG_COMPILER_GLOBAL_ACCENT_COLOR_NAME = AccentColor;
				CODE_SIGN_STYLE = Automatic;
				INFOPLIST_FILE = Prework/Info.plist;
				LD_RUNPATH_SEARCH_PATHS = (
					"$(inherited)",
					"@executable_path/Frameworks",
				);
				PRODUCT_BUNDLE_IDENTIFIER = Alyssa.Prework;
				PRODUCT_NAME = "$(TARGET_NAME)";
				SWIFT_VERSION = 5.0;
				TARGETED_DEVICE_FAMILY = "1,2";
			};
			name = Debug;
		};
		2991EF1426D9544F00F699FD /* Release */ = {
			isa = XCBuildConfiguration;
			buildSettings = {
				ASSETCATALOG_COMPILER_APPICON_NAME = AppIcon;
				ASSETCATALOG_COMPILER_GLOBAL_ACCENT_COLOR_NAME = AccentColor;
				CODE_SIGN_STYLE = Automatic;
				INFOPLIST_FILE = Prework/Info.plist;
				LD_RUNPATH_SEARCH_PATHS = (
					"$(inherited)",
					"@executable_path/Frameworks",
				);
				PRODUCT_BUNDLE_IDENTIFIER = Alyssa.Prework;
				PRODUCT_NAME = "$(TARGET_NAME)";
				SWIFT_VERSION = 5.0;
				TARGETED_DEVICE_FAMILY = "1,2";
			};
			name = Release;
		};
		2991EF1626D9544F00F699FD /* Debug */ = {
			isa = XCBuildConfiguration;
			buildSettings = {
				ALWAYS_EMBED_SWIFT_STANDARD_LIBRARIES = YES;
				BUNDLE_LOADER = "$(TEST_HOST)";
				CODE_SIGN_STYLE = Automatic;
				INFOPLIST_FILE = PreworkTests/Info.plist;
				IPHONEOS_DEPLOYMENT_TARGET = 14.5;
				LD_RUNPATH_SEARCH_PATHS = (
					"$(inherited)",
					"@executable_path/Frameworks",
					"@loader_path/Frameworks",
				);
				PRODUCT_BUNDLE_IDENTIFIER = Alyssa.PreworkTests;
				PRODUCT_NAME = "$(TARGET_NAME)";
				SWIFT_VERSION = 5.0;
				TARGETED_DEVICE_FAMILY = "1,2";
				TEST_HOST = "$(BUILT_PRODUCTS_DIR)/Prework.app/Prework";
			};
			name = Debug;
		};
		2991EF1726D9544F00F699FD /* Release */ = {
			isa = XCBuildConfiguration;
			buildSettings = {
				ALWAYS_EMBED_SWIFT_STANDARD_LIBRARIES = YES;
				BUNDLE_LOADER = "$(TEST_HOST)";
				CODE_SIGN_STYLE = Automatic;
				INFOPLIST_FILE = PreworkTests/Info.plist;
				IPHONEOS_DEPLOYMENT_TARGET = 14.5;
				LD_RUNPATH_SEARCH_PATHS = (
					"$(inherited)",
					"@executable_path/Frameworks",
					"@loader_path/Frameworks",
				);
				PRODUCT_BUNDLE_IDENTIFIER = Alyssa.PreworkTests;
				PRODUCT_NAME = "$(TARGET_NAME)";
				SWIFT_VERSION = 5.0;
				TARGETED_DEVICE_FAMILY = "1,2";
				TEST_HOST = "$(BUILT_PRODUCTS_DIR)/Prework.app/Prework";
			};
			name = Release;
		};
		2991EF1926D9544F00F699FD /* Debug */ = {
			isa = XCBuildConfiguration;
			buildSettings = {
				ALWAYS_EMBED_SWIFT_STANDARD_LIBRARIES = YES;
				CODE_SIGN_STYLE = Automatic;
				INFOPLIST_FILE = PreworkUITests/Info.plist;
				LD_RUNPATH_SEARCH_PATHS = (
					"$(inherited)",
					"@executable_path/Frameworks",
					"@loader_path/Frameworks",
				);
				PRODUCT_BUNDLE_IDENTIFIER = Alyssa.PreworkUITests;
				PRODUCT_NAME = "$(TARGET_NAME)";
				SWIFT_VERSION = 5.0;
				TARGETED_DEVICE_FAMILY = "1,2";
				TEST_TARGET_NAME = Prework;
			};
			name = Debug;
		};
		2991EF1A26D9544F00F699FD /* Release */ = {
			isa = XCBuildConfiguration;
			buildSettings = {
				ALWAYS_EMBED_SWIFT_STANDARD_LIBRARIES = YES;
				CODE_SIGN_STYLE = Automatic;
				INFOPLIST_FILE = PreworkUITests/Info.plist;
				LD_RUNPATH_SEARCH_PATHS = (
					"$(inherited)",
					"@executable_path/Frameworks",
					"@loader_path/Frameworks",
				);
				PRODUCT_BUNDLE_IDENTIFIER = Alyssa.PreworkUITests;
				PRODUCT_NAME = "$(TARGET_NAME)";
				SWIFT_VERSION = 5.0;
				TARGETED_DEVICE_FAMILY = "1,2";
				TEST_TARGET_NAME = Prework;
			};
			name = Release;
		};
/* End XCBuildConfiguration section */

/* Begin XCConfigurationList section */
		2991EEE326D9544E00F699FD /* Build configuration list for PBXProject "Prework" */ = {
			isa = XCConfigurationList;
			buildConfigurations = (
				2991EF1026D9544F00F699FD /* Debug */,
				2991EF1126D9544F00F699FD /* Release */,
			);
			defaultConfigurationIsVisible = 0;
			defaultConfigurationName = Release;
		};
		2991EF1226D9544F00F699FD /* Build configuration list for PBXNativeTarget "Prework" */ = {
			isa = XCConfigurationList;
			buildConfigurations = (
				2991EF1326D9544F00F699FD /* Debug */,
				2991EF1426D9544F00F699FD /* Release */,
			);
			defaultConfigurationIsVisible = 0;
			defaultConfigurationName = Release;
		};
		2991EF1526D9544F00F699FD /* Build configuration list for PBXNativeTarget "PreworkTests" */ = {
			isa = XCConfigurationList;
			buildConfigurations = (
				2991EF1626D9544F00F699FD /* Debug */,
				2991EF1726D9544F00F699FD /* Release */,
			);
			defaultConfigurationIsVisible = 0;
			defaultConfigurationName = Release;
		};
		2991EF1826D9544F00F699FD /* Build configuration list for PBXNativeTarget "PreworkUITests" */ = {
			isa = XCConfigurationList;
			buildConfigurations = (
				2991EF1926D9544F00F699FD /* Debug */,
				2991EF1A26D9544F00F699FD /* Release */,
			);
			defaultConfigurationIsVisible = 0;
			defaultConfigurationName = Release;
		};
/* End XCConfigurationList section */
	};
	rootObject = 2991EEE026D9544E00F699FD /* Project object */;
}
